{
  "name": "react-array",
  "version": "0.0.8",
  "lockfileVersion": 3,
  "requires": true,
  "packages": {
    "": {
      "name": "react-array",
      "version": "0.0.8",
      "license": "MIT",
      "dependencies": {
        "react-array": "^0.0.8"
      }
    },
    "node_modules/react-array": {
      "version": "0.0.8",
      "resolved": "https://registry.npmjs.org/react-array/-/react-array-0.0.8.tgz",
      "integrity": "sha512-pCiKH4ijiiLoaSVqRc+asGy1g3SQHQITi6naTJ5IwZ6F3lEqgClrWANQTuiMJRuNYXA1QK5B7v979ZXQM7184A=="
    }
  }
}
